{
    "name": "solace-samples-nodejs",
    "version": "10.0.0",
    "lockfileVersion": 3,
    "requires": true,
    "packages": {
        "": {
            "name": "solace-samples-nodejs",
            "version": "10.0.0",
            "license": "Apache-2.0",
            "dependencies": {
                "solclientjs": "^10.0.0"
            }
        },
        "node_modules/solclientjs": {
            "version": "10.18.0",
            "resolved": "https://registry.npmjs.org/solclientjs/-/solclientjs-10.18.0.tgz",
            "integrity": "sha512-63Scy6h2WNOAsf5HZcGYL8xYG+UIc/D5ZazG1lBTzLsc9LVfqdh6Roj2FLGkZN3M82mZhUwUYIzMmwzR0+YJiw==",
            "license": "SEE LICENSE IN LICENSE.txt",
            "engines": {
                "node": ">=10.0.0"
            }
        }
    }
}
